// !$*UTF8*$!
{
	archiveVersion = 1;
	classes = {
	};
	objectVersion = 46;
	objects = {

/* Begin PBXBuildFile section */
		9F177D2919E4CB450026382B /* casperjs in Resources */ = {isa = PBXBuildFile; fileRef = 9F177D2819E4CB450026382B /* casperjs */; };
		9F177D2F19E4D0950026382B /* moment.js in Resources */ = {isa = PBXBuildFile; fileRef = 9F177D2E19E4D0950026382B /* moment.js */; };
		9F177D3319E4D3E20026382B /* alaska.js in Resources */ = {isa = PBXBuildFile; fileRef = 9F177D3219E4D3E20026382B /* alaska.js */; };
		9F177D3519E4E50C0026382B /* JSON.swift in Sources */ = {isa = PBXBuildFile; fileRef = 9F177D3419E4E50C0026382B /* JSON.swift */; };
		9FA5E49419EC4EF7008B630B /* savedTabController.swift in Sources */ = {isa = PBXBuildFile; fileRef = 9FA5E49319EC4EF7008B630B /* savedTabController.swift */; };
		F472B87819DA423A00D43C49 /* main.swift in Sources */ = {isa = PBXBuildFile; fileRef = F472B87719DA423A00D43C49 /* main.swift */; };
		F472B87A19DA423A00D43C49 /* AppDelegate.swift in Sources */ = {isa = PBXBuildFile; fileRef = F472B87919DA423A00D43C49 /* AppDelegate.swift */; };
		F472B87C19DA423A00D43C49 /* Images.xcassets in Resources */ = {isa = PBXBuildFile; fileRef = F472B87B19DA423A00D43C49 /* Images.xcassets */; };
		F472B87F19DA423A00D43C49 /* MainMenu.xib in Resources */ = {isa = PBXBuildFile; fileRef = F472B87D19DA423A00D43C49 /* MainMenu.xib */; };
		F472B88B19DA423A00D43C49 /* awardbrowserappTests.swift in Sources */ = {isa = PBXBuildFile; fileRef = F472B88A19DA423A00D43C49 /* awardbrowserappTests.swift */; };
/* End PBXBuildFile section */

/* Begin PBXContainerItemProxy section */
		F472B88519DA423A00D43C49 /* PBXContainerItemProxy */ = {
			isa = PBXContainerItemProxy;
			containerPortal = F472B86A19DA423A00D43C49 /* Project object */;
			proxyType = 1;
			remoteGlobalIDString = F472B87119DA423A00D43C49;
			remoteInfo = awardbrowserapp;
		};
/* End PBXContainerItemProxy section */

/* Begin PBXFileReference section */
		9F177D2819E4CB450026382B /* casperjs */ = {isa = PBXFileReference; lastKnownFileType = folder; path = casperjs; sourceTree = "<group>"; };
		9F177D2E19E4D0950026382B /* moment.js */ = {isa = PBXFileReference; fileEncoding = 4; lastKnownFileType = sourcecode.javascript; path = moment.js; sourceTree = "<group>"; };
		9F177D3219E4D3E20026382B /* alaska.js */ = {isa = PBXFileReference; fileEncoding = 4; lastKnownFileType = sourcecode.javascript; path = alaska.js; sourceTree = "<group>"; };
		9F177D3419E4E50C0026382B /* JSON.swift */ = {isa = PBXFileReference; fileEncoding = 4; lastKnownFileType = sourcecode.swift; path = JSON.swift; sourceTree = "<group>"; };
		9FA5E49319EC4EF7008B630B /* savedTabController.swift */ = {isa = PBXFileReference; fileEncoding = 4; lastKnownFileType = sourcecode.swift; path = savedTabController.swift; sourceTree = "<group>"; };
		F472B87219DA423A00D43C49 /* awardbrowserapp.app */ = {isa = PBXFileReference; explicitFileType = wrapper.application; includeInIndex = 0; path = awardbrowserapp.app; sourceTree = BUILT_PRODUCTS_DIR; };
		F472B87619DA423A00D43C49 /* Info.plist */ = {isa = PBXFileReference; lastKnownFileType = text.plist.xml; path = Info.plist; sourceTree = "<group>"; };
		F472B87719DA423A00D43C49 /* main.swift */ = {isa = PBXFileReference; lastKnownFileType = sourcecode.swift; path = main.swift; sourceTree = "<group>"; };
		F472B87919DA423A00D43C49 /* AppDelegate.swift */ = {isa = PBXFileReference; lastKnownFileType = sourcecode.swift; path = AppDelegate.swift; sourceTree = "<group>"; };
		F472B87B19DA423A00D43C49 /* Images.xcassets */ = {isa = PBXFileReference; lastKnownFileType = folder.assetcatalog; path = Images.xcassets; sourceTree = "<group>"; };
		F472B87E19DA423A00D43C49 /* Base */ = {isa = PBXFileReference; lastKnownFileType = file.xib; name = Base; path = Base.lproj/MainMenu.xib; sourceTree = "<group>"; };
		F472B88419DA423A00D43C49 /* awardbrowserappTests.xctest */ = {isa = PBXFileReference; explicitFileType = wrapper.cfbundle; includeInIndex = 0; path = awardbrowserappTests.xctest; sourceTree = BUILT_PRODUCTS_DIR; };
		F472B88919DA423A00D43C49 /* Info.plist */ = {isa = PBXFileReference; lastKnownFileType = text.plist.xml; path = Info.plist; sourceTree = "<group>"; };
		F472B88A19DA423A00D43C49 /* awardbrowserappTests.swift */ = {isa = PBXFileReference; lastKnownFileType = sourcecode.swift; path = awardbrowserappTests.swift; sourceTree = "<group>"; };
/* End PBXFileReference section */

/* Begin PBXFrameworksBuildPhase section */
		F472B86F19DA423A00D43C49 /* Frameworks */ = {
			isa = PBXFrameworksBuildPhase;
			buildActionMask = 2147483647;
			files = (
			);
			runOnlyForDeploymentPostprocessing = 0;
		};
		F472B88119DA423A00D43C49 /* Frameworks */ = {
			isa = PBXFrameworksBuildPhase;
			buildActionMask = 2147483647;
			files = (
			);
			runOnlyForDeploymentPostprocessing = 0;
		};
/* End PBXFrameworksBuildPhase section */

/* Begin PBXGroup section */
		F472B86919DA423A00D43C49 = {
			isa = PBXGroup;
			children = (
				F472B87419DA423A00D43C49 /* awardbrowserapp */,
				F472B88719DA423A00D43C49 /* awardbrowserappTests */,
				F472B87319DA423A00D43C49 /* Products */,
			);
			sourceTree = "<group>";
		};
		F472B87319DA423A00D43C49 /* Products */ = {
			isa = PBXGroup;
			children = (
				F472B87219DA423A00D43C49 /* awardbrowserapp.app */,
				F472B88419DA423A00D43C49 /* awardbrowserappTests.xctest */,
			);
			name = Products;
			sourceTree = "<group>";
		};
		F472B87419DA423A00D43C49 /* awardbrowserapp */ = {
			isa = PBXGroup;
			children = (
				F472B87519DA423A00D43C49 /* Supporting Files */,
				F472B87919DA423A00D43C49 /* AppDelegate.swift */,
				F472B87B19DA423A00D43C49 /* Images.xcassets */,
				F472B87D19DA423A00D43C49 /* MainMenu.xib */,
				9F177D3419E4E50C0026382B /* JSON.swift */,
				9FA5E49319EC4EF7008B630B /* savedTabController.swift */,
			);
			path = awardbrowserapp;
			sourceTree = "<group>";
		};
		F472B87519DA423A00D43C49 /* Supporting Files */ = {
			isa = PBXGroup;
			children = (
				9F177D3219E4D3E20026382B /* alaska.js */,
				9F177D2E19E4D0950026382B /* moment.js */,
				9F177D2819E4CB450026382B /* casperjs */,
				F472B87619DA423A00D43C49 /* Info.plist */,
				F472B87719DA423A00D43C49 /* main.swift */,
			);
			name = "Supporting Files";
			sourceTree = "<group>";
		};
		F472B88719DA423A00D43C49 /* awardbrowserappTests */ = {
			isa = PBXGroup;
			children = (
				F472B88A19DA423A00D43C49 /* awardbrowserappTests.swift */,
				F472B88819DA423A00D43C49 /* Supporting Files */,
			);
			path = awardbrowserappTests;
			sourceTree = "<group>";
		};
		F472B88819DA423A00D43C49 /* Supporting Files */ = {
			isa = PBXGroup;
			children = (
				F472B88919DA423A00D43C49 /* Info.plist */,
			);
			name = "Supporting Files";
			sourceTree = "<group>";
		};
/* End PBXGroup section */

/* Begin PBXNativeTarget section */
		F472B87119DA423A00D43C49 /* awardbrowserapp */ = {
			isa = PBXNativeTarget;
			buildConfigurationList = F472B88E19DA423A00D43C49 /* Build configuration list for PBXNativeTarget "awardbrowserapp" */;
			buildPhases = (
				F472B86E19DA423A00D43C49 /* Sources */,
				F472B86F19DA423A00D43C49 /* Frameworks */,
				F472B87019DA423A00D43C49 /* Resources */,
			);
			buildRules = (
			);
			dependencies = (
			);
			name = awardbrowserapp;
			productName = awardbrowserapp;
			productReference = F472B87219DA423A00D43C49 /* awardbrowserapp.app */;
			productType = "com.apple.product-type.application";
		};
		F472B88319DA423A00D43C49 /* awardbrowserappTests */ = {
			isa = PBXNativeTarget;
			buildConfigurationList = F472B89119DA423A00D43C49 /* Build configuration list for PBXNativeTarget "awardbrowserappTests" */;
			buildPhases = (
				F472B88019DA423A00D43C49 /* Sources */,
				F472B88119DA423A00D43C49 /* Frameworks */,
				F472B88219DA423A00D43C49 /* Resources */,
			);
			buildRules = (
			);
			dependencies = (
				F472B88619DA423A00D43C49 /* PBXTargetDependency */,
			);
			name = awardbrowserappTests;
			productName = awardbrowserappTests;
			productReference = F472B88419DA423A00D43C49 /* awardbrowserappTests.xctest */;
			productType = "com.apple.product-type.bundle.unit-test";
		};
/* End PBXNativeTarget section */

/* Begin PBXProject section */
		F472B86A19DA423A00D43C49 /* Project object */ = {
			isa = PBXProject;
			attributes = {
				LastUpgradeCheck = 0600;
				ORGANIZATIONNAME = "Book it with Miles";
				TargetAttributes = {
					F472B87119DA423A00D43C49 = {
						CreatedOnToolsVersion = 6.0;
					};
					F472B88319DA423A00D43C49 = {
						CreatedOnToolsVersion = 6.0;
						TestTargetID = F472B87119DA423A00D43C49;
					};
				};
			};
			buildConfigurationList = F472B86D19DA423A00D43C49 /* Build configuration list for PBXProject "awardbrowserapp" */;
			compatibilityVersion = "Xcode 3.2";
			developmentRegion = English;
			hasScannedForEncodings = 0;
			knownRegions = (
				en,
				Base,
			);
			mainGroup = F472B86919DA423A00D43C49;
			productRefGroup = F472B87319DA423A00D43C49 /* Products */;
			projectDirPath = "";
			projectRoot = "";
			targets = (
				F472B87119DA423A00D43C49 /* awardbrowserapp */,
				F472B88319DA423A00D43C49 /* awardbrowserappTests */,
			);
		};
/* End PBXProject section */

/* Begin PBXResourcesBuildPhase section */
		F472B87019DA423A00D43C49 /* Resources */ = {
			isa = PBXResourcesBuildPhase;
			buildActionMask = 2147483647;
			files = (
				9F177D2F19E4D0950026382B /* moment.js in Resources */,
				9F177D2919E4CB450026382B /* casperjs in Resources */,
				9F177D3319E4D3E20026382B /* alaska.js in Resources */,
				F472B87C19DA423A00D43C49 /* Images.xcassets in Resources */,
				F472B87F19DA423A00D43C49 /* MainMenu.xib in Resources */,
			);
			runOnlyForDeploymentPostprocessing = 0;
		};
		F472B88219DA423A00D43C49 /* Resources */ = {
			isa = PBXResourcesBuildPhase;
			buildActionMask = 2147483647;
			files = (
			);
			runOnlyForDeploymentPostprocessing = 0;
		};
/* End PBXResourcesBuildPhase section */

/* Begin PBXSourcesBuildPhase section */
		F472B86E19DA423A00D43C49 /* Sources */ = {
			isa = PBXSourcesBuildPhase;
			buildActionMask = 2147483647;
			files = (
				9F177D3519E4E50C0026382B /* JSON.swift in Sources */,
				9FA5E49419EC4EF7008B630B /* savedTabController.swift in Sources */,
				F472B87A19DA423A00D43C49 /* AppDelegate.swift in Sources */,
				F472B87819DA423A00D43C49 /* main.swift in Sources */,
			);
			runOnlyForDeploymentPostprocessing = 0;
		};
		F472B88019DA423A00D43C49 /* Sources */ = {
			isa = PBXSourcesBuildPhase;
			buildActionMask = 2147483647;
			files = (
				F472B88B19DA423A00D43C49 /* awardbrowserappTests.swift in Sources */,
			);
			runOnlyForDeploymentPostprocessing = 0;
		};
/* End PBXSourcesBuildPhase section */

/* Begin PBXTargetDependency section */
		F472B88619DA423A00D43C49 /* PBXTargetDependency */ = {
			isa = PBXTargetDependency;
			target = F472B87119DA423A00D43C49 /* awardbrowserapp */;
			targetProxy = F472B88519DA423A00D43C49 /* PBXContainerItemProxy */;
		};
/* End PBXTargetDependency section */

/* Begin PBXVariantGroup section */
		F472B87D19DA423A00D43C49 /* MainMenu.xib */ = {
			isa = PBXVariantGroup;
			children = (
				F472B87E19DA423A00D43C49 /* Base */,
			);
			name = MainMenu.xib;
			sourceTree = "<group>";
		};
/* End PBXVariantGroup section */

/* Begin XCBuildConfiguration section */
		F472B88C19DA423A00D43C49 /* Debug */ = {
			isa = XCBuildConfiguration;
			buildSettings = {
				ALWAYS_SEARCH_USER_PATHS = NO;
				ARCHS = "$(ARCHS_STANDARD)";
				CLANG_CXX_LANGUAGE_STANDARD = "gnu++0x";
				CLANG_CXX_LIBRARY = "libc++";
				CLANG_ENABLE_MODULES = YES;
				CLANG_ENABLE_OBJC_ARC = YES;
				CLANG_WARN_BOOL_CONVERSION = YES;
				CLANG_WARN_CONSTANT_CONVERSION = YES;
				CLANG_WARN_DIRECT_OBJC_ISA_USAGE = YES_ERROR;
				CLANG_WARN_EMPTY_BODY = YES;
				CLANG_WARN_ENUM_CONVERSION = YES;
				CLANG_WARN_INT_CONVERSION = YES;
				CLANG_WARN_OBJC_ROOT_CLASS = YES_ERROR;
				CLANG_WARN_UNREACHABLE_CODE = YES;
				CLANG_WARN__DUPLICATE_METHOD_MATCH = YES;
				CODE_SIGN_IDENTITY = "-";
				COPY_PHASE_STRIP = NO;
				ENABLE_STRICT_OBJC_MSGSEND = YES;
				GCC_C_LANGUAGE_STANDARD = gnu99;
				GCC_DYNAMIC_NO_PIC = NO;
				GCC_OPTIMIZATION_LEVEL = 0;
				GCC_PREPROCESSOR_DEFINITIONS = (
					"DEBUG=1",
					"$(inherited)",
				);
				GCC_SYMBOLS_PRIVATE_EXTERN = NO;
				GCC_WARN_64_TO_32_BIT_CONVERSION = YES;
				GCC_WARN_ABOUT_RETURN_TYPE = YES_ERROR;
				GCC_WARN_UNDECLARED_SELECTOR = YES;
				GCC_WARN_UNINITIALIZED_AUTOS = YES_AGGRESSIVE;
				GCC_WARN_UNUSED_FUNCTION = YES;
				GCC_WARN_UNUSED_VARIABLE = YES;
				MACOSX_DEPLOYMENT_TARGET = 10.9;
				MTL_ENABLE_DEBUG_INFO = YES;
				ONLY_ACTIVE_ARCH = YES;
				SDKROOT = macosx;
				SWIFT_OPTIMIZATION_LEVEL = "-Onone";
				VALID_ARCHS = x86_64;
			};
			name = Debug;
		};
		F472B88D19DA423A00D43C49 /* Release */ = {
			isa = XCBuildConfiguration;
			buildSettings = {
				ALWAYS_SEARCH_USER_PATHS = NO;
				ARCHS = "$(ARCHS_STANDARD)";
				CLANG_CXX_LANGUAGE_STANDARD = "gnu++0x";
				CLANG_CXX_LIBRARY = "libc++";
				CLANG_ENABLE_MODULES = YES;
				CLANG_ENABLE_OBJC_ARC = YES;
				CLANG_WARN_BOOL_CONVERSION = YES;
				CLANG_WARN_CONSTANT_CONVERSION = YES;
				CLANG_WARN_DIRECT_OBJC_ISA_USAGE = YES_ERROR;
				CLANG_WARN_EMPTY_BODY = YES;
				CLANG_WARN_ENUM_CONVERSION = YES;
				CLANG_WARN_INT_CONVERSION = YES;
				CLANG_WARN_OBJC_ROOT_CLASS = YES_ERROR;
				CLANG_WARN_UNREACHABLE_CODE = YES;
				CLANG_WARN__DUPLICATE_METHOD_MATCH = YES;
				CODE_SIGN_IDENTITY = "-";
				COPY_PHASE_STRIP = YES;
				DEBUG_INFORMATION_FORMAT = "dwarf-with-dsym";
				ENABLE_NS_ASSERTIONS = NO;
				ENABLE_STRICT_OBJC_MSGSEND = YES;
				GCC_C_LANGUAGE_STANDARD = gnu99;
				GCC_WARN_64_TO_32_BIT_CONVERSION = YES;
				GCC_WARN_ABOUT_RETURN_TYPE = YES_ERROR;
				GCC_WARN_UNDECLARED_SELECTOR = YES;
				GCC_WARN_UNINITIALIZED_AUTOS = YES_AGGRESSIVE;
				GCC_WARN_UNUSED_FUNCTION = YES;
				GCC_WARN_UNUSED_VARIABLE = YES;
				MACOSX_DEPLOYMENT_TARGET = 10.9;
				MTL_ENABLE_DEBUG_INFO = NO;
				SDKROOT = macosx;
				VALID_ARCHS = x86_64;
			};
			name = Release;
		};
		F472B88F19DA423A00D43C49 /* Debug */ = {
			isa = XCBuildConfiguration;
			buildSettings = {
				ASSETCATALOG_COMPILER_APPICON_NAME = AppIcon;
				COMBINE_HIDPI_IMAGES = YES;
				INFOPLIST_FILE = awardbrowserapp/Info.plist;
				LD_RUNPATH_SEARCH_PATHS = "$(inherited) @executable_path/../Frameworks";
				MACOSX_DEPLOYMENT_TARGET = 10.9;
				PRODUCT_NAME = "$(TARGET_NAME)";
				SDKROOT = macosx10.10;
			};
			name = Debug;
		};
		F472B89019DA423A00D43C49 /* Release */ = {
			isa = XCBuildConfiguration;
			buildSettings = {
				ASSETCATALOG_COMPILER_APPICON_NAME = AppIcon;
				COMBINE_HIDPI_IMAGES = YES;
				INFOPLIST_FILE = awardbrowserapp/Info.plist;
				LD_RUNPATH_SEARCH_PATHS = "$(inherited) @executable_path/../Frameworks";
				MACOSX_DEPLOYMENT_TARGET = 10.9;
				PRODUCT_NAME = "$(TARGET_NAME)";
				SDKROOT = macosx10.10;
			};
			name = Release;
		};
		F472B89219DA423A00D43C49 /* Debug */ = {
			isa = XCBuildConfiguration;
			buildSettings = {
				BUNDLE_LOADER = "$(BUILT_PRODUCTS_DIR)/awardbrowserapp.app/Contents/MacOS/awardbrowserapp";
				COMBINE_HIDPI_IMAGES = YES;
				FRAMEWORK_SEARCH_PATHS = (
					"$(DEVELOPER_FRAMEWORKS_DIR)",
					"$(inherited)",
				);
				GCC_PREPROCESSOR_DEFINITIONS = (
					"DEBUG=1",
					"$(inherited)",
				);
				INFOPLIST_FILE = awardbrowserappTests/Info.plist;
				LD_RUNPATH_SEARCH_PATHS = "$(inherited) @executable_path/../Frameworks @loader_path/../Frameworks";
				PRODUCT_NAME = "$(TARGET_NAME)";
				TEST_HOST = "$(BUNDLE_LOADER)";
			};
			name = Debug;
		};
		F472B89319DA423A00D43C49 /* Release */ = {
			isa = XCBuildConfiguration;
			buildSettings = {
				BUNDLE_LOADER = "$(BUILT_PRODUCTS_DIR)/awardbrowserapp.app/Contents/MacOS/awardbrowserapp";
				COMBINE_HIDPI_IMAGES = YES;
				FRAMEWORK_SEARCH_PATHS = (
					"$(DEVELOPER_FRAMEWORKS_DIR)",
					"$(inherited)",
				);
				INFOPLIST_FILE = awardbrowserappTests/Info.plist;
				LD_RUNPATH_SEARCH_PATHS = "$(inherited) @executable_path/../Frameworks @loader_path/../Frameworks";
				PRODUCT_NAME = "$(TARGET_NAME)";
				TEST_HOST = "$(BUNDLE_LOADER)";
			};
			name = Release;
		};
/* End XCBuildConfiguration section */

/* Begin XCConfigurationList section */
		F472B86D19DA423A00D43C49 /* Build configuration list for PBXProject "awardbrowserapp" */ = {
			isa = XCConfigurationList;
			buildConfigurations = (
				F472B88C19DA423A00D43C49 /* Debug */,
				F472B88D19DA423A00D43C49 /* Release */,
			);
			defaultConfigurationIsVisible = 0;
			defaultConfigurationName = Release;
		};
		F472B88E19DA423A00D43C49 /* Build configuration list for PBXNativeTarget "awardbrowserapp" */ = {
			isa = XCConfigurationList;
			buildConfigurations = (
				F472B88F19DA423A00D43C49 /* Debug */,
				F472B89019DA423A00D43C49 /* Release */,
			);
			defaultConfigurationIsVisible = 0;
			defaultConfigurationName = Release;
		};
		F472B89119DA423A00D43C49 /* Build configuration list for PBXNativeTarget "awardbrowserappTests" */ = {
			isa = XCConfigurationList;
			buildConfigurations = (
				F472B89219DA423A00D43C49 /* Debug */,
				F472B89319DA423A00D43C49 /* Release */,
			);
			defaultConfigurationIsVisible = 0;
			defaultConfigurationName = Release;
		};
/* End XCConfigurationList section */
	};
	rootObject = F472B86A19DA423A00D43C49 /* Project object */;
}
